
Microsoft Visual Studio Solution File, Format Version 12.00
# Visual Studio Version 16
VisualStudioVersion = 16.0.31624.102
MinimumVisualStudioVersion = 10.0.40219.1
Project("{8BC9CEB8-8B4A-11D0-8D11-00A0C91BC942}") = "Regular", "Regular\Regular.vcxproj", "{FE4CC1F7-7546-45CC-BE6A-C6D060491B14}"
EndProject
Global
	GlobalSection(SolutionConfigurationPlatforms) = preSolution
		Debug|x64 = Debug|x64
		Debug|x86 = Debug|x86
		Release|x64 = Release|x64
		Release|x86 = Release|x86
	EndGlobalSection
	GlobalSection(ProjectConfigurationPlatforms) = postSolution
		{FE4CC1F7-7546-45CC-BE6A-C6D060491B14}.Debug|x64.ActiveCfg = Debug|x64
		{FE4CC1F7-7546-45CC-BE6A-C6D060491B14}.Debug|x64.Build.0 = Debug|x64
		{FE4CC1F7-7546-45CC-BE6A-C6D060491B14}.Debug|x86.ActiveCfg = Debug|Win32
		{FE4CC1F7-7546-45CC-BE6A-C6D060491B14}.Debug|x86.Build.0 = Debug|Win32
		{FE4CC1F7-7546-45CC-BE6A-C6D060491B14}.Release|x64.ActiveCfg = Release|x64
		{FE4CC1F7-7546-45CC-BE6A-C6D060491B14}.Release|x64.Build.0 = Release|x64
		{FE4CC1F7-7546-45CC-BE6A-C6D060491B14}.Release|x86.ActiveCfg = Release|Win32
		{FE4CC1F7-7546-45CC-BE6A-C6D060491B14}.Release|x86.Build.0 = Release|Win32
	EndGlobalSection
	GlobalSection(SolutionProperties) = preSolution
		HideSolutionNode = FALSE
	EndGlobalSection
	GlobalSection(ExtensibilityGlobals) = postSolution
		SolutionGuid = {FF7BF78A-4526-492E-B5B7-A659606B46C7}
	EndGlobalSection
EndGlobal
